
Microsoft Visual Studio Solution File, Format Version 12.00
# Visual Studio Version 16
VisualStudioVersion = 16.0.31112.23
MinimumVisualStudioVersion = 10.0.40219.1
Project("{FAE04EC0-301F-11D3-BF4B-00C04F79EFBC}") = "UnitTest", "UnitTest\UnitTest.csproj", "{238E6075-4763-4733-9C56-F22F0D26BDF8}"
EndProject
Project("{2150E333-8FDC-42A3-9474-1A3956D46DE8}") = "Solution Items", "Solution Items", "{BBA8F633-620E-4781-8A2F-A3868984659E}"
	ProjectSection(SolutionItems) = preProject
		README.md = README.md
	EndProjectSection
EndProject
Project("{9A19103F-16F7-4668-BE54-9A1E7A4F7556}") = "Tilko.API", "Tilko.API\Tilko.API.csproj", "{3190EF72-99CB-4411-B831-EEAF896AEF43}"
EndProject
Global
	GlobalSection(SolutionConfigurationPlatforms) = preSolution
		Debug|Any CPU = Debug|Any CPU
		Release|Any CPU = Release|Any CPU
	EndGlobalSection
	GlobalSection(ProjectConfigurationPlatforms) = postSolution
		{238E6075-4763-4733-9C56-F22F0D26BDF8}.Debug|Any CPU.ActiveCfg = Debug|Any CPU
		{238E6075-4763-4733-9C56-F22F0D26BDF8}.Debug|Any CPU.Build.0 = Debug|Any CPU
		{238E6075-4763-4733-9C56-F22F0D26BDF8}.Release|Any CPU.ActiveCfg = Release|Any CPU
		{238E6075-4763-4733-9C56-F22F0D26BDF8}.Release|Any CPU.Build.0 = Release|Any CPU
		{3190EF72-99CB-4411-B831-EEAF896AEF43}.Debug|Any CPU.ActiveCfg = Debug|Any CPU
		{3190EF72-99CB-4411-B831-EEAF896AEF43}.Debug|Any CPU.Build.0 = Debug|Any CPU
		{3190EF72-99CB-4411-B831-EEAF896AEF43}.Release|Any CPU.ActiveCfg = Release|Any CPU
		{3190EF72-99CB-4411-B831-EEAF896AEF43}.Release|Any CPU.Build.0 = Release|Any CPU
	EndGlobalSection
	GlobalSection(SolutionProperties) = preSolution
		HideSolutionNode = FALSE
	EndGlobalSection
	GlobalSection(ExtensibilityGlobals) = postSolution
		SolutionGuid = {0859719D-BA32-49E2-9E05-ACEB07168A16}
	EndGlobalSection
EndGlobal
